<?xml version="1.0" encoding="utf-8"?>
<Project ToolsVersion="4.0" xmlns="http://schemas.microsoft.com/developer/msbuild/2003">
  <ItemGroup>
    <Filter Include="inc">
      <UniqueIdentifier>{1F80880B-8B89-887C-1405-9F7C800D947C}</UniqueIdentifier>
    </Filter>
    <Filter Include="inc\Core">
      <UniqueIdentifier>{D78FA160-C35C-FC6B-EC75-EA13D8A131FA}</UniqueIdentifier>
    </Filter>
    <Filter Include="inc\Core\Events">
      <UniqueIdentifier>{DB232A3E-47AF-9702-50C0-1AF7BCCAF302}</UniqueIdentifier>
    </Filter>
    <Filter Include="inc\Core\Input">
      <UniqueIdentifier>{16858376-0253-777C-EBE6-E7A2D75353E1}</UniqueIdentifier>
    </Filter>
    <Filter Include="inc\Core\Thread">
      <UniqueIdentifier>{5E263160-CAB1-9E24-D3C2-21193FCDFA24}</UniqueIdentifier>
    </Filter>
    <Filter Include="inc\Core\Utility">
      <UniqueIdentifier>{1A35AFCE-062E-CE20-2F60-B3A51BB8AD2C}</UniqueIdentifier>
    </Filter>
    <Filter Include="inc\GameFramework">
      <UniqueIdentifier>{96A9E126-02C0-DFBC-4B37-6BDEB78CB044}</UniqueIdentifier>
    </Filter>
    <Filter Include="inc\GameFramework\Camera">
      <UniqueIdentifier>{4ED92F29-3AFE-7EA9-6349-64394FCD7DC7}</UniqueIdentifier>
    </Filter>
    <Filter Include="inc\GameFramework\Component">
      <UniqueIdentifier>{78F50CCB-E402-3BB1-6DE9-369CD9F50668}</UniqueIdentifier>
    </Filter>
    <Filter Include="inc\GameFramework\Object">
      <UniqueIdentifier>{5C323E45-4857-8DC5-71A2-72555D268CE3}</UniqueIdentifier>
    </Filter>
    <Filter Include="inc\Gui">
      <UniqueIdentifier>{F37A149E-5F5A-9339-6872-1E10D4D0F99A}</UniqueIdentifier>
    </Filter>
    <Filter Include="inc\Gui\Constraint">
      <UniqueIdentifier>{E73263D7-D316-242D-3C77-1E80287A0EAF}</UniqueIdentifier>
    </Filter>
    <Filter Include="inc\Particle">
      <UniqueIdentifier>{02D7F6BE-EE39-8663-97BF-BE19830152E6}</UniqueIdentifier>
    </Filter>
    <Filter Include="inc\Physics">
      <UniqueIdentifier>{9132CAD0-FDE7-42C6-86DC-3C9DF29039CA}</UniqueIdentifier>
    </Filter>
    <Filter Include="inc\Physics\Geometry">
      <UniqueIdentifier>{0CD30D01-F861-97CA-A180-ABC58DEEA770}</UniqueIdentifier>
    </Filter>
    <Filter Include="inc\Render">
      <UniqueIdentifier>{AE258B31-9ADD-CC7E-03E5-A5DAEFBB676F}</UniqueIdentifier>
    </Filter>
    <Filter Include="inc\Render\Effects">
      <UniqueIdentifier>{5D735ACA-4957-1B20-B2B7-15739EBA05A2}</UniqueIdentifier>
    </Filter>
    <Filter Include="inc\Render\OpenGL">
      <UniqueIdentifier>{22DF0AA2-8EF5-0838-D76C-945943C2D9BF}</UniqueIdentifier>
    </Filter>
    <Filter Include="inc\Render\Platform">
      <UniqueIdentifier>{C2A5C1FF-2E07-9F0D-B774-E5BF23D5D5CC}</UniqueIdentifier>
    </Filter>
    <Filter Include="inc\Render\Utility">
      <UniqueIdentifier>{F1B1E0BA-DD95-A110-46F6-9B6332F98B92}</UniqueIdentifier>
    </Filter>
    <Filter Include="src">
      <UniqueIdentifier>{2DAB880B-99B4-887C-2230-9F7C8E38947C}</UniqueIdentifier>
    </Filter>
    <Filter Include="src\Core">
      <UniqueIdentifier>{A5D31CCF-91A0-77DA-BAB9-6582A6E5AC68}</UniqueIdentifier>
    </Filter>
    <Filter Include="src\Core\Events">
      <UniqueIdentifier>{E953F58B-55DF-6250-5EF0-E544CAFABE50}</UniqueIdentifier>
    </Filter>
    <Filter Include="src\Core\Input">
      <UniqueIdentifier>{64EB8104-50B9-750A-394D-E63025BA516F}</UniqueIdentifier>
    </Filter>
    <Filter Include="src\Core\Thread">
      <UniqueIdentifier>{6C56FCAD-D8E1-6972-E1F2-EC664DFDC572}</UniqueIdentifier>
    </Filter>
    <Filter Include="src\Core\Utility">
      <UniqueIdentifier>{E866E0D5-D45F-FF27-FD91-E4ACE9E9DE33}</UniqueIdentifier>
    </Filter>
    <Filter Include="src\GameFramework">
      <UniqueIdentifier>{24153914-902B-37AA-D9A2-C2CB45F80732}</UniqueIdentifier>
    </Filter>
    <Filter Include="src\GameFramework\Camera">
      <UniqueIdentifier>{1CF9245F-081E-74DF-3169-596F1DED72FD}</UniqueIdentifier>
    </Filter>
    <Filter Include="src\GameFramework\Component">
      <UniqueIdentifier>{86AA524A-F2B7-8030-7B9E-7C1BE7AA4CE7}</UniqueIdentifier>
    </Filter>
    <Filter Include="src\GameFramework\Object">
      <UniqueIdentifier>{2A52337B-1677-82FB-3FC2-678B2B468119}</UniqueIdentifier>
    </Filter>
    <Filter Include="src\Gui">
      <UniqueIdentifier>{017D2FA9-6D5C-AE44-7674-391BE2D214A6}</UniqueIdentifier>
    </Filter>
    <Filter Include="src\Gui\Constraint">
      <UniqueIdentifier>{3510A86F-21F4-68C5-8A54-631876575347}</UniqueIdentifier>
    </Filter>
    <Filter Include="src\Particle">
      <UniqueIdentifier>{D051EBBD-BCB4-7A62-653A-B318517C46E5}</UniqueIdentifier>
    </Filter>
    <Filter Include="src\Physics">
      <UniqueIdentifier>{9F8B9316-0B41-0C0C-9435-06E300EA0210}</UniqueIdentifier>
    </Filter>
    <Filter Include="src\Physics\Geometry">
      <UniqueIdentifier>{DA3BFFBD-C6CA-8887-6FE9-9C825B57992D}</UniqueIdentifier>
    </Filter>
    <Filter Include="src\Render">
      <UniqueIdentifier>{FC94E62B-E84C-2879-5154-01D53D2BC369}</UniqueIdentifier>
    </Filter>
    <Filter Include="src\Render\Effects">
      <UniqueIdentifier>{AB509F62-9734-60B8-0095-5A0BEC974A3A}</UniqueIdentifier>
    </Filter>
    <Filter Include="src\Render\OpenGL">
      <UniqueIdentifier>{B04A628F-1C61-6025-65D8-EB46D12D31AD}</UniqueIdentifier>
    </Filter>
    <Filter Include="src\Render\Platform">
      <UniqueIdentifier>{D02CA2A0-3C8E-7FAE-C5FB-C560315CB66D}</UniqueIdentifier>
    </Filter>
    <Filter Include="src\Render\Utility">
      <UniqueIdentifier>{3F8F2553-2B73-E6A8-94D3-E0FB80D6D02A}</UniqueIdentifier>
    </Filter>
  </ItemGroup>
  <ItemGroup>
    <ClInclude Include="inc\Core\Application.h">
      <Filter>inc\Core</Filter>
    </ClInclude>
    <ClInclude Include="inc\Core\Component.h">
      <Filter>inc\Core</Filter>
    </ClInclude>
    <ClInclude Include="inc\Core\ConsoleLogger.h">
      <Filter>inc\Core</Filter>
    </ClInclude>
    <ClInclude Include="inc\Core\Core.h">
      <Filter>inc\Core</Filter>
    </ClInclude>
    <ClInclude Include="inc\Core\Disposable.h">
      <Filter>inc\Core</Filter>
    </ClInclude>
    <ClInclude Include="inc\Core\Events\Event.h">
      <Filter>inc\Core\Events</Filter>
    </ClInclude>
    <ClInclude Include="inc\Core\Events\EventDispatcher.h">
      <Filter>inc\Core\Events</Filter>
    </ClInclude>
    <ClInclude Include="inc\Core\Events\KeyEvent.h">
      <Filter>inc\Core\Events</Filter>
    </ClInclude>
    <ClInclude Include="inc\Core\Events\MouseEvent.h">
      <Filter>inc\Core\Events</Filter>
    </ClInclude>
    <ClInclude Include="inc\Core\Events\WindowEvent.h">
      <Filter>inc\Core\Events</Filter>
    </ClInclude>
    <ClInclude Include="inc\Core\Input\Input.h">
      <Filter>inc\Core\Input</Filter>
    </ClInclude>
    <ClInclude Include="inc\Core\Object.h">
      <Filter>inc\Core</Filter>
    </ClInclude>
    <ClInclude Include="inc\Core\ObjectMacros.h">
      <Filter>inc\Core</Filter>
    </ClInclude>
    <ClInclude Include="inc\Core\ObjectManager.h">
      <Filter>inc\Core</Filter>
    </ClInclude>
    <ClInclude Include="inc\Core\Property.h">
      <Filter>inc\Core</Filter>
    </ClInclude>
    <ClInclude Include="inc\Core\Singleton.h">
      <Filter>inc\Core</Filter>
    </ClInclude>
    <ClInclude Include="inc\Core\Thread\GameThread.h">
      <Filter>inc\Core\Thread</Filter>
    </ClInclude>
    <ClInclude Include="inc\Core\Thread\PhysicsThread.h">
      <Filter>inc\Core\Thread</Filter>
    </ClInclude>
    <ClInclude Include="inc\Core\Thread\RenderThread.h">
      <Filter>inc\Core\Thread</Filter>
    </ClInclude>
    <ClInclude Include="inc\Core\Thread\Thread.h">
      <Filter>inc\Core\Thread</Filter>
    </ClInclude>
    <ClInclude Include="inc\Core\TypeId.h">
      <Filter>inc\Core</Filter>
    </ClInclude>
    <ClInclude Include="inc\Core\Types.h">
      <Filter>inc\Core</Filter>
    </ClInclude>
    <ClInclude Include="inc\Core\Utility\FileUtils.h">
      <Filter>inc\Core\Utility</Filter>
    </ClInclude>
    <ClInclude Include="inc\Core\Utility\RandomUtils.h">
      <Filter>inc\Core\Utility</Filter>
    </ClInclude>
    <ClInclude Include="inc\Core\Utility\TimeUtils.h">
      <Filter>inc\Core\Utility</Filter>
    </ClInclude>
    <ClInclude Include="inc\GameFramework\Camera\Camera.h">
      <Filter>inc\GameFramework\Camera</Filter>
    </ClInclude>
    <ClInclude Include="inc\GameFramework\Camera\CameraManager.h">
      <Filter>inc\GameFramework\Camera</Filter>
    </ClInclude>
    <ClInclude Include="inc\GameFramework\Camera\OrthographicCamera.h">
      <Filter>inc\GameFramework\Camera</Filter>
    </ClInclude>
    <ClInclude Include="inc\GameFramework\Camera\PerspectiveCamera.h">
      <Filter>inc\GameFramework\Camera</Filter>
    </ClInclude>
    <ClInclude Include="inc\GameFramework\Component\LightComponent.h">
      <Filter>inc\GameFramework\Component</Filter>
    </ClInclude>
    <ClInclude Include="inc\GameFramework\Component\ProjectileMovementComponent.h">
      <Filter>inc\GameFramework\Component</Filter>
    </ClInclude>
    <ClInclude Include="inc\GameFramework\Component\SceneComponent.h">
      <Filter>inc\GameFramework\Component</Filter>
    </ClInclude>
    <ClInclude Include="inc\GameFramework\Component\SensorComponent.h">
      <Filter>inc\GameFramework\Component</Filter>
    </ClInclude>
    <ClInclude Include="inc\GameFramework\Component\StaticMeshComponent.h">
      <Filter>inc\GameFramework\Component</Filter>
    </ClInclude>
    <ClInclude Include="inc\GameFramework\Component\TransformComponent.h">
      <Filter>inc\GameFramework\Component</Filter>
    </ClInclude>
    <ClInclude Include="inc\GameFramework\Object\Character.h">
      <Filter>inc\GameFramework\Object</Filter>
    </ClInclude>
    <ClInclude Include="inc\GameFramework\Object\GameObject.h">
      <Filter>inc\GameFramework\Object</Filter>
    </ClInclude>
    <ClInclude Include="inc\Gui\Constraint\Constraint.h">
      <Filter>inc\Gui\Constraint</Filter>
    </ClInclude>
    <ClInclude Include="inc\Gui\Constraint\FixedConstraint.h">
      <Filter>inc\Gui\Constraint</Filter>
    </ClInclude>
    <ClInclude Include="inc\Gui\Constraint\WeightConstraint.h">
      <Filter>inc\Gui\Constraint</Filter>
    </ClInclude>
    <ClInclude Include="inc\Gui\Container.h">
      <Filter>inc\Gui</Filter>
    </ClInclude>
    <ClInclude Include="inc\Particle\ParticleEmitter.h">
      <Filter>inc\Particle</Filter>
    </ClInclude>
    <ClInclude Include="inc\Particle\ParticleSystem.h">
      <Filter>inc\Particle</Filter>
    </ClInclude>
    <ClInclude Include="inc\Particle\ParticleUpdater.h">
      <Filter>inc\Particle</Filter>
    </ClInclude>
    <ClInclude Include="inc\Physics\Geometry\BaseCollisionShape.h">
      <Filter>inc\Physics\Geometry</Filter>
    </ClInclude>
    <ClInclude Include="inc\Physics\Geometry\BoxCollisionShape.h">
      <Filter>inc\Physics\Geometry</Filter>
    </ClInclude>
    <ClInclude Include="inc\Physics\Geometry\CapsuleCollisionShape.h">
      <Filter>inc\Physics\Geometry</Filter>
    </ClInclude>
    <ClInclude Include="inc\Physics\Geometry\PlaneCollisionShape.h">
      <Filter>inc\Physics\Geometry</Filter>
    </ClInclude>
    <ClInclude Include="inc\Physics\Geometry\SphereCollisionShape.h">
      <Filter>inc\Physics\Geometry</Filter>
    </ClInclude>
    <ClInclude Include="inc\Physics\PhysicsObject.h">
      <Filter>inc\Physics</Filter>
    </ClInclude>
    <ClInclude Include="inc\Physics\PhysicsWorld.h">
      <Filter>inc\Physics</Filter>
    </ClInclude>
    <ClInclude Include="inc\Render\Effects\LightManager.h">
      <Filter>inc\Render\Effects</Filter>
    </ClInclude>
    <ClInclude Include="inc\Render\OpenGL\OpenGlApiManager.h">
      <Filter>inc\Render\OpenGL</Filter>
    </ClInclude>
    <ClInclude Include="inc\Render\OpenGL\OpenGlBuffer.h">
      <Filter>inc\Render\OpenGL</Filter>
    </ClInclude>
    <ClInclude Include="inc\Render\OpenGL\OpenGlComputeShader.h">
      <Filter>inc\Render\OpenGL</Filter>
    </ClInclude>
    <ClInclude Include="inc\Render\OpenGL\OpenGlFramebuffer.h">
      <Filter>inc\Render\OpenGL</Filter>
    </ClInclude>
    <ClInclude Include="inc\Render\OpenGL\OpenGlShader.h">
      <Filter>inc\Render\OpenGL</Filter>
    </ClInclude>
    <ClInclude Include="inc\Render\OpenGL\OpenGlTexture2D.h">
      <Filter>inc\Render\OpenGL</Filter>
    </ClInclude>
    <ClInclude Include="inc\Render\OpenGL\OpenGlVertexArray.h">
      <Filter>inc\Render\OpenGL</Filter>
    </ClInclude>
    <ClInclude Include="inc\Render\OpenGL\OpenGlWindow.h">
      <Filter>inc\Render\OpenGL</Filter>
    </ClInclude>
    <ClInclude Include="inc\Render\Platform\ApiManager.h">
      <Filter>inc\Render\Platform</Filter>
    </ClInclude>
    <ClInclude Include="inc\Render\Platform\Buffer.h">
      <Filter>inc\Render\Platform</Filter>
    </ClInclude>
    <ClInclude Include="inc\Render\Platform\ComputeShader.h">
      <Filter>inc\Render\Platform</Filter>
    </ClInclude>
    <ClInclude Include="inc\Render\Platform\CoreMaterialParameterBlocks.h">
      <Filter>inc\Render\Platform</Filter>
    </ClInclude>
    <ClInclude Include="inc\Render\Platform\Framebuffer.h">
      <Filter>inc\Render\Platform</Filter>
    </ClInclude>
    <ClInclude Include="inc\Render\Platform\Material.h">
      <Filter>inc\Render\Platform</Filter>
    </ClInclude>
    <ClInclude Include="inc\Render\Platform\MaterialParameter.h">
      <Filter>inc\Render\Platform</Filter>
    </ClInclude>
    <ClInclude Include="inc\Render\Platform\RenderPass.h">
      <Filter>inc\Render\Platform</Filter>
    </ClInclude>
    <ClInclude Include="inc\Render\Platform\Renderer.h">
      <Filter>inc\Render\Platform</Filter>
    </ClInclude>
    <ClInclude Include="inc\Render\Platform\Shader.h">
      <Filter>inc\Render\Platform</Filter>
    </ClInclude>
    <ClInclude Include="inc\Render\Platform\Texture2D.h">
      <Filter>inc\Render\Platform</Filter>
    </ClInclude>
    <ClInclude Include="inc\Render\Platform\VertexArray.h">
      <Filter>inc\Render\Platform</Filter>
    </ClInclude>
    <ClInclude Include="inc\Render\Platform\Window.h">
      <Filter>inc\Render\Platform</Filter>
    </ClInclude>
    <ClInclude Include="inc\Render\StaticMeshObject.h">
      <Filter>inc\Render</Filter>
    </ClInclude>
    <ClInclude Include="inc\Render\Utility\MaterialLibrary.h">
      <Filter>inc\Render\Utility</Filter>
    </ClInclude>
    <ClInclude Include="inc\Render\Utility\MeshLibrary.h">
      <Filter>inc\Render\Utility</Filter>
    </ClInclude>
    <ClInclude Include="inc\Render\Utility\MeshPrimitiveBuilder.h">
      <Filter>inc\Render\Utility</Filter>
    </ClInclude>
    <ClInclude Include="inc\Render\Utility\ObjMeshLoader.h">
      <Filter>inc\Render\Utility</Filter>
    </ClInclude>
    <ClInclude Include="inc\Render\Utility\TextureLibrary.h">
      <Filter>inc\Render\Utility</Filter>
    </ClInclude>
  </ItemGroup>
  <ItemGroup>
    <ClCompile Include="src\Core\Application.cpp">
      <Filter>src\Core</Filter>
    </ClCompile>
    <ClCompile Include="src\Core\Component.cpp">
      <Filter>src\Core</Filter>
    </ClCompile>
    <ClCompile Include="src\Core\ConsoleLogger.cpp">
      <Filter>src\Core</Filter>
    </ClCompile>
    <ClCompile Include="src\Core\Core.cpp">
      <Filter>src\Core</Filter>
    </ClCompile>
    <ClCompile Include="src\Core\Events\Event.cpp">
      <Filter>src\Core\Events</Filter>
    </ClCompile>
    <ClCompile Include="src\Core\Events\EventDispatcher.cpp">
      <Filter>src\Core\Events</Filter>
    </ClCompile>
    <ClCompile Include="src\Core\Events\KeyEvent.cpp">
      <Filter>src\Core\Events</Filter>
    </ClCompile>
    <ClCompile Include="src\Core\Events\MouseEvent.cpp">
      <Filter>src\Core\Events</Filter>
    </ClCompile>
    <ClCompile Include="src\Core\Events\WindowEvent.cpp">
      <Filter>src\Core\Events</Filter>
    </ClCompile>
    <ClCompile Include="src\Core\Input\Input.cpp">
      <Filter>src\Core\Input</Filter>
    </ClCompile>
    <ClCompile Include="src\Core\Object.cpp">
      <Filter>src\Core</Filter>
    </ClCompile>
    <ClCompile Include="src\Core\ObjectManager.cpp">
      <Filter>src\Core</Filter>
    </ClCompile>
    <ClCompile Include="src\Core\Property.cpp">
      <Filter>src\Core</Filter>
    </ClCompile>
    <ClCompile Include="src\Core\Thread\GameThread.cpp">
      <Filter>src\Core\Thread</Filter>
    </ClCompile>
    <ClCompile Include="src\Core\Thread\PhysicsThread.cpp">
      <Filter>src\Core\Thread</Filter>
    </ClCompile>
    <ClCompile Include="src\Core\Thread\RenderThread.cpp">
      <Filter>src\Core\Thread</Filter>
    </ClCompile>
    <ClCompile Include="src\Core\Thread\Thread.cpp">
      <Filter>src\Core\Thread</Filter>
    </ClCompile>
    <ClCompile Include="src\Core\TypeId.cpp">
      <Filter>src\Core</Filter>
    </ClCompile>
    <ClCompile Include="src\Core\Types.cpp">
      <Filter>src\Core</Filter>
    </ClCompile>
    <ClCompile Include="src\Core\Utility\FileUtils.cpp">
      <Filter>src\Core\Utility</Filter>
    </ClCompile>
    <ClCompile Include="src\Core\Utility\RandomUtils.cpp">
      <Filter>src\Core\Utility</Filter>
    </ClCompile>
    <ClCompile Include="src\Core\Utility\TimeUtils.cpp">
      <Filter>src\Core\Utility</Filter>
    </ClCompile>
    <ClCompile Include="src\GameFramework\Camera\Camera.cpp">
      <Filter>src\GameFramework\Camera</Filter>
    </ClCompile>
    <ClCompile Include="src\GameFramework\Camera\CameraManager.cpp">
      <Filter>src\GameFramework\Camera</Filter>
    </ClCompile>
    <ClCompile Include="src\GameFramework\Camera\OrthographicCamera.cpp">
      <Filter>src\GameFramework\Camera</Filter>
    </ClCompile>
    <ClCompile Include="src\GameFramework\Camera\PerspectiveCamera.cpp">
      <Filter>src\GameFramework\Camera</Filter>
    </ClCompile>
    <ClCompile Include="src\GameFramework\Component\LightComponent.cpp">
      <Filter>src\GameFramework\Component</Filter>
    </ClCompile>
    <ClCompile Include="src\GameFramework\Component\ProjectileMovementComponent.cpp">
      <Filter>src\GameFramework\Component</Filter>
    </ClCompile>
    <ClCompile Include="src\GameFramework\Component\SceneComponent.cpp">
      <Filter>src\GameFramework\Component</Filter>
    </ClCompile>
    <ClCompile Include="src\GameFramework\Component\SensorComponent.cpp">
      <Filter>src\GameFramework\Component</Filter>
    </ClCompile>
    <ClCompile Include="src\GameFramework\Component\StaticMeshComponent.cpp">
      <Filter>src\GameFramework\Component</Filter>
    </ClCompile>
    <ClCompile Include="src\GameFramework\Component\TransformComponent.cpp">
      <Filter>src\GameFramework\Component</Filter>
    </ClCompile>
    <ClCompile Include="src\GameFramework\Object\Character.cpp">
      <Filter>src\GameFramework\Object</Filter>
    </ClCompile>
    <ClCompile Include="src\GameFramework\Object\GameObject.cpp">
      <Filter>src\GameFramework\Object</Filter>
    </ClCompile>
    <ClCompile Include="src\Gui\Constraint\Constraint.cpp">
      <Filter>src\Gui\Constraint</Filter>
    </ClCompile>
    <ClCompile Include="src\Gui\Constraint\FixedConstraint.cpp">
      <Filter>src\Gui\Constraint</Filter>
    </ClCompile>
    <ClCompile Include="src\Gui\Constraint\WeightConstraint.cpp">
      <Filter>src\Gui\Constraint</Filter>
    </ClCompile>
    <ClCompile Include="src\Gui\Container.cpp">
      <Filter>src\Gui</Filter>
    </ClCompile>
    <ClCompile Include="src\Particle\ParticleEmitter.cpp">
      <Filter>src\Particle</Filter>
    </ClCompile>
    <ClCompile Include="src\Particle\ParticleSystem.cpp">
      <Filter>src\Particle</Filter>
    </ClCompile>
    <ClCompile Include="src\Particle\ParticleUpdater.cpp">
      <Filter>src\Particle</Filter>
    </ClCompile>
    <ClCompile Include="src\Physics\Geometry\BaseCollisionShape.cpp">
      <Filter>src\Physics\Geometry</Filter>
    </ClCompile>
    <ClCompile Include="src\Physics\Geometry\BoxCollisionShape.cpp">
      <Filter>src\Physics\Geometry</Filter>
    </ClCompile>
    <ClCompile Include="src\Physics\Geometry\CapsuleCollisionShape.cpp">
      <Filter>src\Physics\Geometry</Filter>
    </ClCompile>
    <ClCompile Include="src\Physics\Geometry\PlaneCollisionShape.cpp">
      <Filter>src\Physics\Geometry</Filter>
    </ClCompile>
    <ClCompile Include="src\Physics\Geometry\SphereCollisionShape.cpp">
      <Filter>src\Physics\Geometry</Filter>
    </ClCompile>
    <ClCompile Include="src\Physics\PhysicsObject.cpp">
      <Filter>src\Physics</Filter>
    </ClCompile>
    <ClCompile Include="src\Physics\PhysicsWorld.cpp">
      <Filter>src\Physics</Filter>
    </ClCompile>
    <ClCompile Include="src\Render\Effects\LightManager.cpp">
      <Filter>src\Render\Effects</Filter>
    </ClCompile>
    <ClCompile Include="src\Render\OpenGL\OpenGlApiManager.cpp">
      <Filter>src\Render\OpenGL</Filter>
    </ClCompile>
    <ClCompile Include="src\Render\OpenGL\OpenGlBuffer.cpp">
      <Filter>src\Render\OpenGL</Filter>
    </ClCompile>
    <ClCompile Include="src\Render\OpenGL\OpenGlComputeShader.cpp">
      <Filter>src\Render\OpenGL</Filter>
    </ClCompile>
    <ClCompile Include="src\Render\OpenGL\OpenGlFramebuffer.cpp">
      <Filter>src\Render\OpenGL</Filter>
    </ClCompile>
    <ClCompile Include="src\Render\OpenGL\OpenGlShader.cpp">
      <Filter>src\Render\OpenGL</Filter>
    </ClCompile>
    <ClCompile Include="src\Render\OpenGL\OpenGlTexture2D.cpp">
      <Filter>src\Render\OpenGL</Filter>
    </ClCompile>
    <ClCompile Include="src\Render\OpenGL\OpenGlVertexArray.cpp">
      <Filter>src\Render\OpenGL</Filter>
    </ClCompile>
    <ClCompile Include="src\Render\OpenGL\OpenGlWindow.cpp">
      <Filter>src\Render\OpenGL</Filter>
    </ClCompile>
    <ClCompile Include="src\Render\Platform\ApiManager.cpp">
      <Filter>src\Render\Platform</Filter>
    </ClCompile>
    <ClCompile Include="src\Render\Platform\Buffer.cpp">
      <Filter>src\Render\Platform</Filter>
    </ClCompile>
    <ClCompile Include="src\Render\Platform\ComputeShader.cpp">
      <Filter>src\Render\Platform</Filter>
    </ClCompile>
    <ClCompile Include="src\Render\Platform\CoreMaterialParameterBlocks.cpp">
      <Filter>src\Render\Platform</Filter>
    </ClCompile>
    <ClCompile Include="src\Render\Platform\Framebuffer.cpp">
      <Filter>src\Render\Platform</Filter>
    </ClCompile>
    <ClCompile Include="src\Render\Platform\Material.cpp">
      <Filter>src\Render\Platform</Filter>
    </ClCompile>
    <ClCompile Include="src\Render\Platform\MaterialParameter.cpp">
      <Filter>src\Render\Platform</Filter>
    </ClCompile>
    <ClCompile Include="src\Render\Platform\RenderPass.cpp">
      <Filter>src\Render\Platform</Filter>
    </ClCompile>
    <ClCompile Include="src\Render\Platform\Renderer.cpp">
      <Filter>src\Render\Platform</Filter>
    </ClCompile>
    <ClCompile Include="src\Render\Platform\Shader.cpp">
      <Filter>src\Render\Platform</Filter>
    </ClCompile>
    <ClCompile Include="src\Render\Platform\Texture2D.cpp">
      <Filter>src\Render\Platform</Filter>
    </ClCompile>
    <ClCompile Include="src\Render\Platform\VertexArray.cpp">
      <Filter>src\Render\Platform</Filter>
    </ClCompile>
    <ClCompile Include="src\Render\Platform\Window.cpp">
      <Filter>src\Render\Platform</Filter>
    </ClCompile>
    <ClCompile Include="src\Render\StaticMeshObject.cpp">
      <Filter>src\Render</Filter>
    </ClCompile>
    <ClCompile Include="src\Render\Utility\MaterialLibrary.cpp">
      <Filter>src\Render\Utility</Filter>
    </ClCompile>
    <ClCompile Include="src\Render\Utility\MeshLibrary.cpp">
      <Filter>src\Render\Utility</Filter>
    </ClCompile>
    <ClCompile Include="src\Render\Utility\MeshPrimitiveBuilder.cpp">
      <Filter>src\Render\Utility</Filter>
    </ClCompile>
    <ClCompile Include="src\Render\Utility\ObjMeshLoader.cpp">
      <Filter>src\Render\Utility</Filter>
    </ClCompile>
    <ClCompile Include="src\Render\Utility\TextureLibrary.cpp">
      <Filter>src\Render\Utility</Filter>
    </ClCompile>
  </ItemGroup>
</Project>